// !$*UTF8*$!
{
	archiveVersion = 1;
	classes = {
	};
	objectVersion = 50;
	objects = {

/* Begin PBXBuildFile section */
		6B0CB4D02370C2FF002FC8A5 /* productStruct.swift in Sources */ = {isa = PBXBuildFile; fileRef = 6B0CB4CF2370C2FF002FC8A5 /* productStruct.swift */; };
		6B0CB4D22370C33B002FC8A5 /* CatViewController.swift in Sources */ = {isa = PBXBuildFile; fileRef = 6B0CB4D12370C33B002FC8A5 /* CatViewController.swift */; };
		6BADB141236CAD8400312B07 /* AppDelegate.swift in Sources */ = {isa = PBXBuildFile; fileRef = 6BADB140236CAD8400312B07 /* AppDelegate.swift */; };
		6BADB143236CAD8400312B07 /* SceneDelegate.swift in Sources */ = {isa = PBXBuildFile; fileRef = 6BADB142236CAD8400312B07 /* SceneDelegate.swift */; };
		6BADB145236CAD8400312B07 /* ViewController.swift in Sources */ = {isa = PBXBuildFile; fileRef = 6BADB144236CAD8400312B07 /* ViewController.swift */; };
		6BADB148236CAD8400312B07 /* Main.storyboard in Resources */ = {isa = PBXBuildFile; fileRef = 6BADB146236CAD8400312B07 /* Main.storyboard */; };
		6BADB14A236CAD8500312B07 /* Assets.xcassets in Resources */ = {isa = PBXBuildFile; fileRef = 6BADB149236CAD8500312B07 /* Assets.xcassets */; };
		6BADB14D236CAD8500312B07 /* LaunchScreen.storyboard in Resources */ = {isa = PBXBuildFile; fileRef = 6BADB14B236CAD8500312B07 /* LaunchScreen.storyboard */; };
		6BADB158236CAD8600312B07 /* Hops_Solo_ProjectTests.swift in Sources */ = {isa = PBXBuildFile; fileRef = 6BADB157236CAD8600312B07 /* Hops_Solo_ProjectTests.swift */; };
/* End PBXBuildFile section */

/* Begin PBXContainerItemProxy section */
		6BADB154236CAD8600312B07 /* PBXContainerItemProxy */ = {
			isa = PBXContainerItemProxy;
			containerPortal = 6BADB135236CAD8400312B07 /* Project object */;
			proxyType = 1;
			remoteGlobalIDString = 6BADB13C236CAD8400312B07;
			remoteInfo = "Hops Solo Project";
		};
/* End PBXContainerItemProxy section */

/* Begin PBXFileReference section */
		6B0CB4CF2370C2FF002FC8A5 /* productStruct.swift */ = {isa = PBXFileReference; lastKnownFileType = sourcecode.swift; path = productStruct.swift; sourceTree = "<group>"; };
		6B0CB4D12370C33B002FC8A5 /* CatViewController.swift */ = {isa = PBXFileReference; lastKnownFileType = sourcecode.swift; path = CatViewController.swift; sourceTree = "<group>"; };
		6BADB13D236CAD8400312B07 /* Hops Solo Project.app */ = {isa = PBXFileReference; explicitFileType = wrapper.application; includeInIndex = 0; path = "Hops Solo Project.app"; sourceTree = BUILT_PRODUCTS_DIR; };
		6BADB140236CAD8400312B07 /* AppDelegate.swift */ = {isa = PBXFileReference; lastKnownFileType = sourcecode.swift; path = AppDelegate.swift; sourceTree = "<group>"; };
		6BADB142236CAD8400312B07 /* SceneDelegate.swift */ = {isa = PBXFileReference; lastKnownFileType = sourcecode.swift; path = SceneDelegate.swift; sourceTree = "<group>"; };
		6BADB144236CAD8400312B07 /* ViewController.swift */ = {isa = PBXFileReference; lastKnownFileType = sourcecode.swift; path = ViewController.swift; sourceTree = "<group>"; };
		6BADB147236CAD8400312B07 /* Base */ = {isa = PBXFileReference; lastKnownFileType = file.storyboard; name = Base; path = Base.lproj/Main.storyboard; sourceTree = "<group>"; };
		6BADB149236CAD8500312B07 /* Assets.xcassets */ = {isa = PBXFileReference; lastKnownFileType = folder.assetcatalog; path = Assets.xcassets; sourceTree = "<group>"; };
		6BADB14C236CAD8500312B07 /* Base */ = {isa = PBXFileReference; lastKnownFileType = file.storyboard; name = Base; path = Base.lproj/LaunchScreen.storyboard; sourceTree = "<group>"; };
		6BADB14E236CAD8500312B07 /* Info.plist */ = {isa = PBXFileReference; lastKnownFileType = text.plist.xml; path = Info.plist; sourceTree = "<group>"; };
		6BADB153236CAD8600312B07 /* Hops Solo ProjectTests.xctest */ = {isa = PBXFileReference; explicitFileType = wrapper.cfbundle; includeInIndex = 0; path = "Hops Solo ProjectTests.xctest"; sourceTree = BUILT_PRODUCTS_DIR; };
		6BADB157236CAD8600312B07 /* Hops_Solo_ProjectTests.swift */ = {isa = PBXFileReference; lastKnownFileType = sourcecode.swift; path = Hops_Solo_ProjectTests.swift; sourceTree = "<group>"; };
		6BADB159236CAD8600312B07 /* Info.plist */ = {isa = PBXFileReference; lastKnownFileType = text.plist.xml; path = Info.plist; sourceTree = "<group>"; };
/* End PBXFileReference section */

/* Begin PBXFrameworksBuildPhase section */
		6BADB13A236CAD8400312B07 /* Frameworks */ = {
			isa = PBXFrameworksBuildPhase;
			buildActionMask = 2147483647;
			files = (
			);
			runOnlyForDeploymentPostprocessing = 0;
		};
		6BADB150236CAD8600312B07 /* Frameworks */ = {
			isa = PBXFrameworksBuildPhase;
			buildActionMask = 2147483647;
			files = (
			);
			runOnlyForDeploymentPostprocessing = 0;
		};
/* End PBXFrameworksBuildPhase section */

/* Begin PBXGroup section */
		6B0CB4CD2370C28C002FC8A5 /* Models */ = {
			isa = PBXGroup;
			children = (
				6B0CB4CF2370C2FF002FC8A5 /* productStruct.swift */,
			);
			path = Models;
			sourceTree = "<group>";
		};
		6B0CB4CE2370C2A6002FC8A5 /* ViewControllers */ = {
			isa = PBXGroup;
			children = (
				6BADB144236CAD8400312B07 /* ViewController.swift */,
				6B0CB4D12370C33B002FC8A5 /* CatViewController.swift */,
			);
			path = ViewControllers;
			sourceTree = "<group>";
		};
		6BADB134236CAD8400312B07 = {
			isa = PBXGroup;
			children = (
				6B0CB4CE2370C2A6002FC8A5 /* ViewControllers */,
				6B0CB4CD2370C28C002FC8A5 /* Models */,
				6BADB13F236CAD8400312B07 /* Hops Solo Project */,
				6BADB156236CAD8600312B07 /* Hops Solo ProjectTests */,
				6BADB13E236CAD8400312B07 /* Products */,
			);
			sourceTree = "<group>";
		};
		6BADB13E236CAD8400312B07 /* Products */ = {
			isa = PBXGroup;
			children = (
				6BADB13D236CAD8400312B07 /* Hops Solo Project.app */,
				6BADB153236CAD8600312B07 /* Hops Solo ProjectTests.xctest */,
			);
			name = Products;
			sourceTree = "<group>";
		};
		6BADB13F236CAD8400312B07 /* Hops Solo Project */ = {
			isa = PBXGroup;
			children = (
				6BADB140236CAD8400312B07 /* AppDelegate.swift */,
				6BADB142236CAD8400312B07 /* SceneDelegate.swift */,
				6BADB146236CAD8400312B07 /* Main.storyboard */,
				6BADB149236CAD8500312B07 /* Assets.xcassets */,
				6BADB14B236CAD8500312B07 /* LaunchScreen.storyboard */,
				6BADB14E236CAD8500312B07 /* Info.plist */,
			);
			path = "Hops Solo Project";
			sourceTree = "<group>";
		};
		6BADB156236CAD8600312B07 /* Hops Solo ProjectTests */ = {
			isa = PBXGroup;
			children = (
				6BADB157236CAD8600312B07 /* Hops_Solo_ProjectTests.swift */,
				6BADB159236CAD8600312B07 /* Info.plist */,
			);
			path = "Hops Solo ProjectTests";
			sourceTree = "<group>";
		};
/* End PBXGroup section */

/* Begin PBXNativeTarget section */
		6BADB13C236CAD8400312B07 /* Hops Solo Project */ = {
			isa = PBXNativeTarget;
			buildConfigurationList = 6BADB15C236CAD8600312B07 /* Build configuration list for PBXNativeTarget "Hops Solo Project" */;
			buildPhases = (
				6BADB139236CAD8400312B07 /* Sources */,
				6BADB13A236CAD8400312B07 /* Frameworks */,
				6BADB13B236CAD8400312B07 /* Resources */,
			);
			buildRules = (
			);
			dependencies = (
			);
			name = "Hops Solo Project";
			productName = "Hops Solo Project";
			productReference = 6BADB13D236CAD8400312B07 /* Hops Solo Project.app */;
			productType = "com.apple.product-type.application";
		};
		6BADB152236CAD8600312B07 /* Hops Solo ProjectTests */ = {
			isa = PBXNativeTarget;
			buildConfigurationList = 6BADB15F236CAD8600312B07 /* Build configuration list for PBXNativeTarget "Hops Solo ProjectTests" */;
			buildPhases = (
				6BADB14F236CAD8600312B07 /* Sources */,
				6BADB150236CAD8600312B07 /* Frameworks */,
				6BADB151236CAD8600312B07 /* Resources */,
			);
			buildRules = (
			);
			dependencies = (
				6BADB155236CAD8600312B07 /* PBXTargetDependency */,
			);
			name = "Hops Solo ProjectTests";
			productName = "Hops Solo ProjectTests";
			productReference = 6BADB153236CAD8600312B07 /* Hops Solo ProjectTests.xctest */;
			productType = "com.apple.product-type.bundle.unit-test";
		};
/* End PBXNativeTarget section */

/* Begin PBXProject section */
		6BADB135236CAD8400312B07 /* Project object */ = {
			isa = PBXProject;
			attributes = {
				LastSwiftUpdateCheck = 1100;
				LastUpgradeCheck = 1100;
				ORGANIZATIONNAME = "Kary Martinez";
				TargetAttributes = {
					6BADB13C236CAD8400312B07 = {
						CreatedOnToolsVersion = 11.0;
					};
					6BADB152236CAD8600312B07 = {
						CreatedOnToolsVersion = 11.0;
						TestTargetID = 6BADB13C236CAD8400312B07;
					};
				};
			};
			buildConfigurationList = 6BADB138236CAD8400312B07 /* Build configuration list for PBXProject "Hops Solo Project" */;
			compatibilityVersion = "Xcode 9.3";
			developmentRegion = en;
			hasScannedForEncodings = 0;
			knownRegions = (
				en,
				Base,
			);
			mainGroup = 6BADB134236CAD8400312B07;
			productRefGroup = 6BADB13E236CAD8400312B07 /* Products */;
			projectDirPath = "";
			projectRoot = "";
			targets = (
				6BADB13C236CAD8400312B07 /* Hops Solo Project */,
				6BADB152236CAD8600312B07 /* Hops Solo ProjectTests */,
			);
		};
/* End PBXProject section */

/* Begin PBXResourcesBuildPhase section */
		6BADB13B236CAD8400312B07 /* Resources */ = {
			isa = PBXResourcesBuildPhase;
			buildActionMask = 2147483647;
			files = (
				6BADB14D236CAD8500312B07 /* LaunchScreen.storyboard in Resources */,
				6BADB14A236CAD8500312B07 /* Assets.xcassets in Resources */,
				6BADB148236CAD8400312B07 /* Main.storyboard in Resources */,
			);
			runOnlyForDeploymentPostprocessing = 0;
		};
		6BADB151236CAD8600312B07 /* Resources */ = {
			isa = PBXResourcesBuildPhase;
			buildActionMask = 2147483647;
			files = (
			);
			runOnlyForDeploymentPostprocessing = 0;
		};
/* End PBXResourcesBuildPhase section */

/* Begin PBXSourcesBuildPhase section */
		6BADB139236CAD8400312B07 /* Sources */ = {
			isa = PBXSourcesBuildPhase;
			buildActionMask = 2147483647;
			files = (
				6B0CB4D22370C33B002FC8A5 /* CatViewController.swift in Sources */,
				6BADB145236CAD8400312B07 /* ViewController.swift in Sources */,
				6BADB141236CAD8400312B07 /* AppDelegate.swift in Sources */,
				6B0CB4D02370C2FF002FC8A5 /* productStruct.swift in Sources */,
				6BADB143236CAD8400312B07 /* SceneDelegate.swift in Sources */,
			);
			runOnlyForDeploymentPostprocessing = 0;
		};
		6BADB14F236CAD8600312B07 /* Sources */ = {
			isa = PBXSourcesBuildPhase;
			buildActionMask = 2147483647;
			files = (
				6BADB158236CAD8600312B07 /* Hops_Solo_ProjectTests.swift in Sources */,
			);
			runOnlyForDeploymentPostprocessing = 0;
		};
/* End PBXSourcesBuildPhase section */

/* Begin PBXTargetDependency section */
		6BADB155236CAD8600312B07 /* PBXTargetDependency */ = {
			isa = PBXTargetDependency;
			target = 6BADB13C236CAD8400312B07 /* Hops Solo Project */;
			targetProxy = 6BADB154236CAD8600312B07 /* PBXContainerItemProxy */;
		};
/* End PBXTargetDependency section */

/* Begin PBXVariantGroup section */
		6BADB146236CAD8400312B07 /* Main.storyboard */ = {
			isa = PBXVariantGroup;
			children = (
				6BADB147236CAD8400312B07 /* Base */,
			);
			name = Main.storyboard;
			sourceTree = "<group>";
		};
		6BADB14B236CAD8500312B07 /* LaunchScreen.storyboard */ = {
			isa = PBXVariantGroup;
			children = (
				6BADB14C236CAD8500312B07 /* Base */,
			);
			name = LaunchScreen.storyboard;
			sourceTree = "<group>";
		};
/* End PBXVariantGroup section */

/* Begin XCBuildConfiguration section */
		6BADB15A236CAD8600312B07 /* Debug */ = {
			isa = XCBuildConfiguration;
			buildSettings = {
				ALWAYS_SEARCH_USER_PATHS = NO;
				CLANG_ANALYZER_NONNULL = YES;
				CLANG_ANALYZER_NUMBER_OBJECT_CONVERSION = YES_AGGRESSIVE;
				CLANG_CXX_LANGUAGE_STANDARD = "gnu++14";
				CLANG_CXX_LIBRARY = "libc++";
				CLANG_ENABLE_MODULES = YES;
				CLANG_ENABLE_OBJC_ARC = YES;
				CLANG_ENABLE_OBJC_WEAK = YES;
				CLANG_WARN_BLOCK_CAPTURE_AUTORELEASING = YES;
				CLANG_WARN_BOOL_CONVERSION = YES;
				CLANG_WARN_COMMA = YES;
				CLANG_WARN_CONSTANT_CONVERSION = YES;
				CLANG_WARN_DEPRECATED_OBJC_IMPLEMENTATIONS = YES;
				CLANG_WARN_DIRECT_OBJC_ISA_USAGE = YES_ERROR;
				CLANG_WARN_DOCUMENTATION_COMMENTS = YES;
				CLANG_WARN_EMPTY_BODY = YES;
				CLANG_WARN_ENUM_CONVERSION = YES;
				CLANG_WARN_INFINITE_RECURSION = YES;
				CLANG_WARN_INT_CONVERSION = YES;
				CLANG_WARN_NON_LITERAL_NULL_CONVERSION = YES;
				CLANG_WARN_OBJC_IMPLICIT_RETAIN_SELF = YES;
				CLANG_WARN_OBJC_LITERAL_CONVERSION = YES;
				CLANG_WARN_OBJC_ROOT_CLASS = YES_ERROR;
				CLANG_WARN_RANGE_LOOP_ANALYSIS = YES;
				CLANG_WARN_STRICT_PROTOTYPES = YES;
				CLANG_WARN_SUSPICIOUS_MOVE = YES;
				CLANG_WARN_UNGUARDED_AVAILABILITY = YES_AGGRESSIVE;
				CLANG_WARN_UNREACHABLE_CODE = YES;
				CLANG_WARN__DUPLICATE_METHOD_MATCH = YES;
				COPY_PHASE_STRIP = NO;
				DEBUG_INFORMATION_FORMAT = dwarf;
				ENABLE_STRICT_OBJC_MSGSEND = YES;
				ENABLE_TESTABILITY = YES;
				GCC_C_LANGUAGE_STANDARD = gnu11;
				GCC_DYNAMIC_NO_PIC = NO;
				GCC_NO_COMMON_BLOCKS = YES;
				GCC_OPTIMIZATION_LEVEL = 0;
				GCC_PREPROCESSOR_DEFINITIONS = (
					"DEBUG=1",
					"$(inherited)",
				);
				GCC_WARN_64_TO_32_BIT_CONVERSION = YES;
				GCC_WARN_ABOUT_RETURN_TYPE = YES_ERROR;
				GCC_WARN_UNDECLARED_SELECTOR = YES;
				GCC_WARN_UNINITIALIZED_AUTOS = YES_AGGRESSIVE;
				GCC_WARN_UNUSED_FUNCTION = YES;
				GCC_WARN_UNUSED_VARIABLE = YES;
				IPHONEOS_DEPLOYMENT_TARGET = 13.0;
				MTL_ENABLE_DEBUG_INFO = INCLUDE_SOURCE;
				MTL_FAST_MATH = YES;
				ONLY_ACTIVE_ARCH = YES;
				SDKROOT = iphoneos;
				SWIFT_ACTIVE_COMPILATION_CONDITIONS = DEBUG;
				SWIFT_OPTIMIZATION_LEVEL = "-Onone";
			};
			name = Debug;
		};
		6BADB15B236CAD8600312B07 /* Release */ = {
			isa = XCBuildConfiguration;
			buildSettings = {
				ALWAYS_SEARCH_USER_PATHS = NO;
				CLANG_ANALYZER_NONNULL = YES;
				CLANG_ANALYZER_NUMBER_OBJECT_CONVERSION = YES_AGGRESSIVE;
				CLANG_CXX_LANGUAGE_STANDARD = "gnu++14";
				CLANG_CXX_LIBRARY = "libc++";
				CLANG_ENABLE_MODULES = YES;
				CLANG_ENABLE_OBJC_ARC = YES;
				CLANG_ENABLE_OBJC_WEAK = YES;
				CLANG_WARN_BLOCK_CAPTURE_AUTORELEASING = YES;
				CLANG_WARN_BOOL_CONVERSION = YES;
				CLANG_WARN_COMMA = YES;
				CLANG_WARN_CONSTANT_CONVERSION = YES;
				CLANG_WARN_DEPRECATED_OBJC_IMPLEMENTATIONS = YES;
				CLANG_WARN_DIRECT_OBJC_ISA_USAGE = YES_ERROR;
				CLANG_WARN_DOCUMENTATION_COMMENTS = YES;
				CLANG_WARN_EMPTY_BODY = YES;
				CLANG_WARN_ENUM_CONVERSION = YES;
				CLANG_WARN_INFINITE_RECURSION = YES;
				CLANG_WARN_INT_CONVERSION = YES;
				CLANG_WARN_NON_LITERAL_NULL_CONVERSION = YES;
				CLANG_WARN_OBJC_IMPLICIT_RETAIN_SELF = YES;
				CLANG_WARN_OBJC_LITERAL_CONVERSION = YES;
				CLANG_WARN_OBJC_ROOT_CLASS = YES_ERROR;
				CLANG_WARN_RANGE_LOOP_ANALYSIS = YES;
				CLANG_WARN_STRICT_PROTOTYPES = YES;
				CLANG_WARN_SUSPICIOUS_MOVE = YES;
				CLANG_WARN_UNGUARDED_AVAILABILITY = YES_AGGRESSIVE;
				CLANG_WARN_UNREACHABLE_CODE = YES;
				CLANG_WARN__DUPLICATE_METHOD_MATCH = YES;
				COPY_PHASE_STRIP = NO;
				DEBUG_INFORMATION_FORMAT = "dwarf-with-dsym";
				ENABLE_NS_ASSERTIONS = NO;
				ENABLE_STRICT_OBJC_MSGSEND = YES;
				GCC_C_LANGUAGE_STANDARD = gnu11;
				GCC_NO_COMMON_BLOCKS = YES;
				GCC_WARN_64_TO_32_BIT_CONVERSION = YES;
				GCC_WARN_ABOUT_RETURN_TYPE = YES_ERROR;
				GCC_WARN_UNDECLARED_SELECTOR = YES;
				GCC_WARN_UNINITIALIZED_AUTOS = YES_AGGRESSIVE;
				GCC_WARN_UNUSED_FUNCTION = YES;
				GCC_WARN_UNUSED_VARIABLE = YES;
				IPHONEOS_DEPLOYMENT_TARGET = 13.0;
				MTL_ENABLE_DEBUG_INFO = NO;
				MTL_FAST_MATH = YES;
				SDKROOT = iphoneos;
				SWIFT_COMPILATION_MODE = wholemodule;
				SWIFT_OPTIMIZATION_LEVEL = "-O";
				VALIDATE_PRODUCT = YES;
			};
			name = Release;
		};
		6BADB15D236CAD8600312B07 /* Debug */ = {
			isa = XCBuildConfiguration;
			buildSettings = {
				ASSETCATALOG_COMPILER_APPICON_NAME = AppIcon;
				CODE_SIGN_STYLE = Automatic;
				INFOPLIST_FILE = "Hops Solo Project/Info.plist";
				LD_RUNPATH_SEARCH_PATHS = (
					"$(inherited)",
					"@executable_path/Frameworks",
				);
				PRODUCT_BUNDLE_IDENTIFIER = "project.Hops-Solo-Project";
				PRODUCT_NAME = "$(TARGET_NAME)";
				SWIFT_VERSION = 5.0;
				TARGETED_DEVICE_FAMILY = "1,2";
			};
			name = Debug;
		};
		6BADB15E236CAD8600312B07 /* Release */ = {
			isa = XCBuildConfiguration;
			buildSettings = {
				ASSETCATALOG_COMPILER_APPICON_NAME = AppIcon;
				CODE_SIGN_STYLE = Automatic;
				INFOPLIST_FILE = "Hops Solo Project/Info.plist";
				LD_RUNPATH_SEARCH_PATHS = (
					"$(inherited)",
					"@executable_path/Frameworks",
				);
				PRODUCT_BUNDLE_IDENTIFIER = "project.Hops-Solo-Project";
				PRODUCT_NAME = "$(TARGET_NAME)";
				SWIFT_VERSION = 5.0;
				TARGETED_DEVICE_FAMILY = "1,2";
			};
			name = Release;
		};
		6BADB160236CAD8600312B07 /* Debug */ = {
			isa = XCBuildConfiguration;
			buildSettings = {
				ALWAYS_EMBED_SWIFT_STANDARD_LIBRARIES = YES;
				BUNDLE_LOADER = "$(TEST_HOST)";
				CODE_SIGN_STYLE = Automatic;
				INFOPLIST_FILE = "Hops Solo ProjectTests/Info.plist";
				IPHONEOS_DEPLOYMENT_TARGET = 13.0;
				LD_RUNPATH_SEARCH_PATHS = (
					"$(inherited)",
					"@executable_path/Frameworks",
					"@loader_path/Frameworks",
				);
				PRODUCT_BUNDLE_IDENTIFIER = "project.Hops-Solo-ProjectTests";
				PRODUCT_NAME = "$(TARGET_NAME)";
				SWIFT_VERSION = 5.0;
				TARGETED_DEVICE_FAMILY = "1,2";
				TEST_HOST = "$(BUILT_PRODUCTS_DIR)/Hops Solo Project.app/Hops Solo Project";
			};
			name = Debug;
		};
		6BADB161236CAD8600312B07 /* Release */ = {
			isa = XCBuildConfiguration;
			buildSettings = {
				ALWAYS_EMBED_SWIFT_STANDARD_LIBRARIES = YES;
				BUNDLE_LOADER = "$(TEST_HOST)";
				CODE_SIGN_STYLE = Automatic;
				INFOPLIST_FILE = "Hops Solo ProjectTests/Info.plist";
				IPHONEOS_DEPLOYMENT_TARGET = 13.0;
				LD_RUNPATH_SEARCH_PATHS = (
					"$(inherited)",
					"@executable_path/Frameworks",
					"@loader_path/Frameworks",
				);
				PRODUCT_BUNDLE_IDENTIFIER = "project.Hops-Solo-ProjectTests";
				PRODUCT_NAME = "$(TARGET_NAME)";
				SWIFT_VERSION = 5.0;
				TARGETED_DEVICE_FAMILY = "1,2";
				TEST_HOST = "$(BUILT_PRODUCTS_DIR)/Hops Solo Project.app/Hops Solo Project";
			};
			name = Release;
		};
/* End XCBuildConfiguration section */

/* Begin XCConfigurationList section */
		6BADB138236CAD8400312B07 /* Build configuration list for PBXProject "Hops Solo Project" */ = {
			isa = XCConfigurationList;
			buildConfigurations = (
				6BADB15A236CAD8600312B07 /* Debug */,
				6BADB15B236CAD8600312B07 /* Release */,
			);
			defaultConfigurationIsVisible = 0;
			defaultConfigurationName = Release;
		};
		6BADB15C236CAD8600312B07 /* Build configuration list for PBXNativeTarget "Hops Solo Project" */ = {
			isa = XCConfigurationList;
			buildConfigurations = (
				6BADB15D236CAD8600312B07 /* Debug */,
				6BADB15E236CAD8600312B07 /* Release */,
			);
			defaultConfigurationIsVisible = 0;
			defaultConfigurationName = Release;
		};
		6BADB15F236CAD8600312B07 /* Build configuration list for PBXNativeTarget "Hops Solo ProjectTests" */ = {
			isa = XCConfigurationList;
			buildConfigurations = (
				6BADB160236CAD8600312B07 /* Debug */,
				6BADB161236CAD8600312B07 /* Release */,
			);
			defaultConfigurationIsVisible = 0;
			defaultConfigurationName = Release;
		};
/* End XCConfigurationList section */
	};
	rootObject = 6BADB135236CAD8400312B07 /* Project object */;
}
